
Microsoft Visual Studio Solution File, Format Version 12.00
# Visual Studio Version 16
VisualStudioVersion = 16.0.810.2
MinimumVisualStudioVersion = 10.0.40219.1
Project("{FAE04EC0-301F-11D3-BF4B-00C04F79EFBC}") = "lightning-transfer", "lightning-transfer\lightning-transfer.csproj", "{2D0A5F04-9770-4FAA-8C87-7F1BCA952467}"
EndProject
Global
	GlobalSection(SolutionConfigurationPlatforms) = preSolution
		Debug|Any CPU = Debug|Any CPU
		Release|Any CPU = Release|Any CPU
	EndGlobalSection
	GlobalSection(ProjectConfigurationPlatforms) = postSolution
		{2D0A5F04-9770-4FAA-8C87-7F1BCA952467}.Debug|Any CPU.ActiveCfg = Debug|Any CPU
		{2D0A5F04-9770-4FAA-8C87-7F1BCA952467}.Debug|Any CPU.Build.0 = Debug|Any CPU
		{2D0A5F04-9770-4FAA-8C87-7F1BCA952467}.Release|Any CPU.ActiveCfg = Release|Any CPU
		{2D0A5F04-9770-4FAA-8C87-7F1BCA952467}.Release|Any CPU.Build.0 = Release|Any CPU
	EndGlobalSection
	GlobalSection(SolutionProperties) = preSolution
		HideSolutionNode = FALSE
	EndGlobalSection
	GlobalSection(ExtensibilityGlobals) = postSolution
		SolutionGuid = {AF3F6824-33E3-485C-AC8B-641709BCB1A6}
	EndGlobalSection
EndGlobal
